
Microsoft Visual Studio Solution File, Format Version 12.00
# Visual Studio Version 17
VisualStudioVersion = 17.5.33424.131
MinimumVisualStudioVersion = 10.0.40219.1
Project("{FAE04EC0-301F-11D3-BF4B-00C04F79EFBC}") = "Class03", "Class03\Class03.csproj", "{40A8D145-3A7E-4783-88E3-15E9FB987A80}"
EndProject
Project("{FAE04EC0-301F-11D3-BF4B-00C04F79EFBC}") = "Polymorphism", "Polymorphism\Polymorphism.csproj", "{17E055E4-30A6-4616-8284-658D19E4976E}"
EndProject
Global
	GlobalSection(SolutionConfigurationPlatforms) = preSolution
		Debug|Any CPU = Debug|Any CPU
		Release|Any CPU = Release|Any CPU
	EndGlobalSection
	GlobalSection(ProjectConfigurationPlatforms) = postSolution
		{40A8D145-3A7E-4783-88E3-15E9FB987A80}.Debug|Any CPU.ActiveCfg = Debug|Any CPU
		{40A8D145-3A7E-4783-88E3-15E9FB987A80}.Debug|Any CPU.Build.0 = Debug|Any CPU
		{40A8D145-3A7E-4783-88E3-15E9FB987A80}.Release|Any CPU.ActiveCfg = Release|Any CPU
		{40A8D145-3A7E-4783-88E3-15E9FB987A80}.Release|Any CPU.Build.0 = Release|Any CPU
		{17E055E4-30A6-4616-8284-658D19E4976E}.Debug|Any CPU.ActiveCfg = Debug|Any CPU
		{17E055E4-30A6-4616-8284-658D19E4976E}.Debug|Any CPU.Build.0 = Debug|Any CPU
		{17E055E4-30A6-4616-8284-658D19E4976E}.Release|Any CPU.ActiveCfg = Release|Any CPU
		{17E055E4-30A6-4616-8284-658D19E4976E}.Release|Any CPU.Build.0 = Release|Any CPU
	EndGlobalSection
	GlobalSection(SolutionProperties) = preSolution
		HideSolutionNode = FALSE
	EndGlobalSection
	GlobalSection(ExtensibilityGlobals) = postSolution
		SolutionGuid = {F56DF753-1071-4416-8503-51F67B21ADC5}
	EndGlobalSection
EndGlobal
